
Microsoft Visual Studio Solution File, Format Version 12.00
# Visual Studio Version 16
VisualStudioVersion = 16.0.31321.278
MinimumVisualStudioVersion = 10.0.40219.1
Project("{FAE04EC0-301F-11D3-BF4B-00C04F79EFBC}") = "RestAPI.Android", "RestAPI\RestAPI.Android\RestAPI.Android.csproj", "{06C1E809-E5AB-4CCA-BC75-42DCBD858EEB}"
EndProject
Project("{FAE04EC0-301F-11D3-BF4B-00C04F79EFBC}") = "RestAPI.iOS", "RestAPI\RestAPI.iOS\RestAPI.iOS.csproj", "{D5AC4B61-6888-4060-9FBC-AE52350F0C2D}"
EndProject
Project("{FAE04EC0-301F-11D3-BF4B-00C04F79EFBC}") = "RestAPI", "RestAPI\RestAPI\RestAPI.csproj", "{067E99B1-89C8-44B9-AB07-962FE92E80F0}"
EndProject
Global
	GlobalSection(SolutionConfigurationPlatforms) = preSolution
		Debug|Any CPU = Debug|Any CPU
		Debug|iPhone = Debug|iPhone
		Debug|iPhoneSimulator = Debug|iPhoneSimulator
		Release|Any CPU = Release|Any CPU
		Release|iPhone = Release|iPhone
		Release|iPhoneSimulator = Release|iPhoneSimulator
	EndGlobalSection
	GlobalSection(ProjectConfigurationPlatforms) = postSolution
		{06C1E809-E5AB-4CCA-BC75-42DCBD858EEB}.Debug|Any CPU.ActiveCfg = Debug|Any CPU
		{06C1E809-E5AB-4CCA-BC75-42DCBD858EEB}.Debug|Any CPU.Build.0 = Debug|Any CPU
		{06C1E809-E5AB-4CCA-BC75-42DCBD858EEB}.Debug|Any CPU.Deploy.0 = Debug|Any CPU
		{06C1E809-E5AB-4CCA-BC75-42DCBD858EEB}.Debug|iPhone.ActiveCfg = Debug|Any CPU
		{06C1E809-E5AB-4CCA-BC75-42DCBD858EEB}.Debug|iPhone.Build.0 = Debug|Any CPU
		{06C1E809-E5AB-4CCA-BC75-42DCBD858EEB}.Debug|iPhone.Deploy.0 = Debug|Any CPU
		{06C1E809-E5AB-4CCA-BC75-42DCBD858EEB}.Debug|iPhoneSimulator.ActiveCfg = Debug|Any CPU
		{06C1E809-E5AB-4CCA-BC75-42DCBD858EEB}.Debug|iPhoneSimulator.Build.0 = Debug|Any CPU
		{06C1E809-E5AB-4CCA-BC75-42DCBD858EEB}.Debug|iPhoneSimulator.Deploy.0 = Debug|Any CPU
		{06C1E809-E5AB-4CCA-BC75-42DCBD858EEB}.Release|Any CPU.ActiveCfg = Release|Any CPU
		{06C1E809-E5AB-4CCA-BC75-42DCBD858EEB}.Release|Any CPU.Build.0 = Release|Any CPU
		{06C1E809-E5AB-4CCA-BC75-42DCBD858EEB}.Release|Any CPU.Deploy.0 = Release|Any CPU
		{06C1E809-E5AB-4CCA-BC75-42DCBD858EEB}.Release|iPhone.ActiveCfg = Release|Any CPU
		{06C1E809-E5AB-4CCA-BC75-42DCBD858EEB}.Release|iPhone.Build.0 = Release|Any CPU
		{06C1E809-E5AB-4CCA-BC75-42DCBD858EEB}.Release|iPhone.Deploy.0 = Release|Any CPU
		{06C1E809-E5AB-4CCA-BC75-42DCBD858EEB}.Release|iPhoneSimulator.ActiveCfg = Release|Any CPU
		{06C1E809-E5AB-4CCA-BC75-42DCBD858EEB}.Release|iPhoneSimulator.Build.0 = Release|Any CPU
		{06C1E809-E5AB-4CCA-BC75-42DCBD858EEB}.Release|iPhoneSimulator.Deploy.0 = Release|Any CPU
		{D5AC4B61-6888-4060-9FBC-AE52350F0C2D}.Debug|Any CPU.ActiveCfg = Debug|iPhone
		{D5AC4B61-6888-4060-9FBC-AE52350F0C2D}.Debug|Any CPU.Build.0 = Debug|iPhone
		{D5AC4B61-6888-4060-9FBC-AE52350F0C2D}.Debug|Any CPU.Deploy.0 = Debug|iPhone
		{D5AC4B61-6888-4060-9FBC-AE52350F0C2D}.Debug|iPhone.ActiveCfg = Debug|iPhone
		{D5AC4B61-6888-4060-9FBC-AE52350F0C2D}.Debug|iPhone.Build.0 = Debug|iPhone
		{D5AC4B61-6888-4060-9FBC-AE52350F0C2D}.Debug|iPhone.Deploy.0 = Debug|iPhone
		{D5AC4B61-6888-4060-9FBC-AE52350F0C2D}.Debug|iPhoneSimulator.ActiveCfg = Debug|iPhoneSimulator
		{D5AC4B61-6888-4060-9FBC-AE52350F0C2D}.Debug|iPhoneSimulator.Build.0 = Debug|iPhoneSimulator
		{D5AC4B61-6888-4060-9FBC-AE52350F0C2D}.Debug|iPhoneSimulator.Deploy.0 = Debug|iPhoneSimulator
		{D5AC4B61-6888-4060-9FBC-AE52350F0C2D}.Release|Any CPU.ActiveCfg = Release|iPhoneSimulator
		{D5AC4B61-6888-4060-9FBC-AE52350F0C2D}.Release|Any CPU.Build.0 = Release|iPhoneSimulator
		{D5AC4B61-6888-4060-9FBC-AE52350F0C2D}.Release|Any CPU.Deploy.0 = Release|iPhoneSimulator
		{D5AC4B61-6888-4060-9FBC-AE52350F0C2D}.Release|iPhone.ActiveCfg = Release|iPhone
		{D5AC4B61-6888-4060-9FBC-AE52350F0C2D}.Release|iPhone.Build.0 = Release|iPhone
		{D5AC4B61-6888-4060-9FBC-AE52350F0C2D}.Release|iPhone.Deploy.0 = Release|iPhone
		{D5AC4B61-6888-4060-9FBC-AE52350F0C2D}.Release|iPhoneSimulator.ActiveCfg = Release|iPhoneSimulator
		{D5AC4B61-6888-4060-9FBC-AE52350F0C2D}.Release|iPhoneSimulator.Build.0 = Release|iPhoneSimulator
		{D5AC4B61-6888-4060-9FBC-AE52350F0C2D}.Release|iPhoneSimulator.Deploy.0 = Release|iPhoneSimulator
		{067E99B1-89C8-44B9-AB07-962FE92E80F0}.Debug|Any CPU.ActiveCfg = Debug|Any CPU
		{067E99B1-89C8-44B9-AB07-962FE92E80F0}.Debug|Any CPU.Build.0 = Debug|Any CPU
		{067E99B1-89C8-44B9-AB07-962FE92E80F0}.Debug|Any CPU.Deploy.0 = Debug|Any CPU
		{067E99B1-89C8-44B9-AB07-962FE92E80F0}.Debug|iPhone.ActiveCfg = Debug|Any CPU
		{067E99B1-89C8-44B9-AB07-962FE92E80F0}.Debug|iPhone.Build.0 = Debug|Any CPU
		{067E99B1-89C8-44B9-AB07-962FE92E80F0}.Debug|iPhone.Deploy.0 = Debug|Any CPU
		{067E99B1-89C8-44B9-AB07-962FE92E80F0}.Debug|iPhoneSimulator.ActiveCfg = Debug|Any CPU
		{067E99B1-89C8-44B9-AB07-962FE92E80F0}.Debug|iPhoneSimulator.Build.0 = Debug|Any CPU
		{067E99B1-89C8-44B9-AB07-962FE92E80F0}.Debug|iPhoneSimulator.Deploy.0 = Debug|Any CPU
		{067E99B1-89C8-44B9-AB07-962FE92E80F0}.Release|Any CPU.ActiveCfg = Release|Any CPU
		{067E99B1-89C8-44B9-AB07-962FE92E80F0}.Release|Any CPU.Build.0 = Release|Any CPU
		{067E99B1-89C8-44B9-AB07-962FE92E80F0}.Release|Any CPU.Deploy.0 = Release|Any CPU
		{067E99B1-89C8-44B9-AB07-962FE92E80F0}.Release|iPhone.ActiveCfg = Release|Any CPU
		{067E99B1-89C8-44B9-AB07-962FE92E80F0}.Release|iPhone.Build.0 = Release|Any CPU
		{067E99B1-89C8-44B9-AB07-962FE92E80F0}.Release|iPhone.Deploy.0 = Release|Any CPU
		{067E99B1-89C8-44B9-AB07-962FE92E80F0}.Release|iPhoneSimulator.ActiveCfg = Release|Any CPU
		{067E99B1-89C8-44B9-AB07-962FE92E80F0}.Release|iPhoneSimulator.Build.0 = Release|Any CPU
		{067E99B1-89C8-44B9-AB07-962FE92E80F0}.Release|iPhoneSimulator.Deploy.0 = Release|Any CPU
	EndGlobalSection
	GlobalSection(SolutionProperties) = preSolution
		HideSolutionNode = FALSE
	EndGlobalSection
	GlobalSection(ExtensibilityGlobals) = postSolution
		SolutionGuid = {3C02E929-AE09-409B-8A3E-41C25E19321F}
	EndGlobalSection
EndGlobal
